
Microsoft Visual Studio Solution File, Format Version 12.00
# Visual Studio Version 16
VisualStudioVersion = 16.0.31729.503
MinimumVisualStudioVersion = 10.0.40219.1
Project("{FAE04EC0-301F-11D3-BF4B-00C04F79EFBC}") = "FizzBuzzKata", "FizzBuzzKata\FizzBuzzKata.csproj", "{D8BC435B-DC8C-4B13-9637-6715EF62F3BD}"
EndProject
Project("{FAE04EC0-301F-11D3-BF4B-00C04F79EFBC}") = "Front", "Front\Front.csproj", "{2E4298B6-6532-4B33-857C-AC08FCC3E515}"
EndProject
Project("{FAE04EC0-301F-11D3-BF4B-00C04F79EFBC}") = "FizzBuzzKata.Tests", "FizzBuzzKata.Tests\FizzBuzzKata.Tests.csproj", "{31F31CFD-232A-4256-B34E-01B62E2A548F}"
EndProject
Global
	GlobalSection(SolutionConfigurationPlatforms) = preSolution
		Debug|Any CPU = Debug|Any CPU
		Release|Any CPU = Release|Any CPU
	EndGlobalSection
	GlobalSection(ProjectConfigurationPlatforms) = postSolution
		{D8BC435B-DC8C-4B13-9637-6715EF62F3BD}.Debug|Any CPU.ActiveCfg = Debug|Any CPU
		{D8BC435B-DC8C-4B13-9637-6715EF62F3BD}.Debug|Any CPU.Build.0 = Debug|Any CPU
		{D8BC435B-DC8C-4B13-9637-6715EF62F3BD}.Release|Any CPU.ActiveCfg = Release|Any CPU
		{D8BC435B-DC8C-4B13-9637-6715EF62F3BD}.Release|Any CPU.Build.0 = Release|Any CPU
		{2E4298B6-6532-4B33-857C-AC08FCC3E515}.Debug|Any CPU.ActiveCfg = Debug|Any CPU
		{2E4298B6-6532-4B33-857C-AC08FCC3E515}.Debug|Any CPU.Build.0 = Debug|Any CPU
		{2E4298B6-6532-4B33-857C-AC08FCC3E515}.Release|Any CPU.ActiveCfg = Release|Any CPU
		{2E4298B6-6532-4B33-857C-AC08FCC3E515}.Release|Any CPU.Build.0 = Release|Any CPU
		{31F31CFD-232A-4256-B34E-01B62E2A548F}.Debug|Any CPU.ActiveCfg = Debug|Any CPU
		{31F31CFD-232A-4256-B34E-01B62E2A548F}.Debug|Any CPU.Build.0 = Debug|Any CPU
		{31F31CFD-232A-4256-B34E-01B62E2A548F}.Release|Any CPU.ActiveCfg = Release|Any CPU
		{31F31CFD-232A-4256-B34E-01B62E2A548F}.Release|Any CPU.Build.0 = Release|Any CPU
	EndGlobalSection
	GlobalSection(SolutionProperties) = preSolution
		HideSolutionNode = FALSE
	EndGlobalSection
	GlobalSection(ExtensibilityGlobals) = postSolution
		SolutionGuid = {F7988EEE-72F8-490E-9BF2-FD538DCD8878}
	EndGlobalSection
EndGlobal
